{
  "nodes": {
    "nixpkgs": {
      "locked": {
        "lastModified": 1783856661,
        "narHash": "sha256-+nv/MctTR0m3m5D9cFV2aZC0dQSJB5cThnML4dgVYdg=",
        "rev": "569d578509928497eddc3fdbf94a799027050be4",
        "type": "tarball",
        "url": "https://releases.nixos.org/nixos/26.05/nixos-26.05.4808.569d57850992/nixexprs.tar.xz"
      },
      "original": {
        "type": "tarball",
        "url": "https://channels.nixos.org/nixos-26.05/nixexprs.tar.xz"
      }
    },
    "root": {
      "inputs": {
        "nixpkgs": "nixpkgs"
      }
    }
  },
  "root": "root",
  "version": 7
}
